
Microsoft Visual Studio Solution File, Format Version 12.00
# Visual Studio Version 17
VisualStudioVersion = 17.0.31912.275
MinimumVisualStudioVersion = 10.0.40219.1
Project("{FAE04EC0-301F-11D3-BF4B-00C04F79EFBC}") = "LabyrinthApp", "WindowsFormsApp1\LabyrinthApp.csproj", "{A0C47F7E-0B8A-4C0F-913A-9518F67805DA}"
EndProject
Global
	GlobalSection(SolutionConfigurationPlatforms) = preSolution
		Debug|Any CPU = Debug|Any CPU
		Release|Any CPU = Release|Any CPU
	EndGlobalSection
	GlobalSection(ProjectConfigurationPlatforms) = postSolution
		{A0C47F7E-0B8A-4C0F-913A-9518F67805DA}.Debug|Any CPU.ActiveCfg = Debug|Any CPU
		{A0C47F7E-0B8A-4C0F-913A-9518F67805DA}.Debug|Any CPU.Build.0 = Debug|Any CPU
		{A0C47F7E-0B8A-4C0F-913A-9518F67805DA}.Release|Any CPU.ActiveCfg = Release|Any CPU
		{A0C47F7E-0B8A-4C0F-913A-9518F67805DA}.Release|Any CPU.Build.0 = Release|Any CPU
	EndGlobalSection
	GlobalSection(SolutionProperties) = preSolution
		HideSolutionNode = FALSE
	EndGlobalSection
	GlobalSection(ExtensibilityGlobals) = postSolution
		SolutionGuid = {2334F1D9-714F-4C71-9704-E2F2433A7DBB}
	EndGlobalSection
EndGlobal
